
Microsoft Visual Studio Solution File, Format Version 11.00
# Visual C# Express 2010
Project("{FAE04EC0-301F-11D3-BF4B-00C04F79EFBC}") = "Iso2God", "Iso2God.csproj", "{C17E20AA-2F00-4871-8774-5082962C4D33}"
EndProject
Global
	GlobalSection(SolutionConfigurationPlatforms) = preSolution
		Debug|x86 = Debug|x86
		Release|x86 = Release|x86
	EndGlobalSection
	GlobalSection(ProjectConfigurationPlatforms) = postSolution
		{C17E20AA-2F00-4871-8774-5082962C4D33}.Debug|x86.ActiveCfg = Debug|x86
		{C17E20AA-2F00-4871-8774-5082962C4D33}.Debug|x86.Build.0 = Debug|x86
		{C17E20AA-2F00-4871-8774-5082962C4D33}.Release|x86.ActiveCfg = Release|x86
		{C17E20AA-2F00-4871-8774-5082962C4D33}.Release|x86.Build.0 = Release|x86
	EndGlobalSection
	GlobalSection(SolutionProperties) = preSolution
		HideSolutionNode = FALSE
	EndGlobalSection
EndGlobal
